
Microsoft Visual Studio Solution File, Format Version 12.00
# Visual Studio Version 17
VisualStudioVersion = 17.4.33213.308
MinimumVisualStudioVersion = 10.0.40219.1
Project("{FAE04EC0-301F-11D3-BF4B-00C04F79EFBC}") = "AC_day1", "AC_day1.csproj", "{972AF18D-899E-4D8E-880D-C88D526CB5F9}"
EndProject
Global
	GlobalSection(SolutionConfigurationPlatforms) = preSolution
		Debug|Any CPU = Debug|Any CPU
		Release|Any CPU = Release|Any CPU
	EndGlobalSection
	GlobalSection(ProjectConfigurationPlatforms) = postSolution
		{972AF18D-899E-4D8E-880D-C88D526CB5F9}.Debug|Any CPU.ActiveCfg = Debug|Any CPU
		{972AF18D-899E-4D8E-880D-C88D526CB5F9}.Debug|Any CPU.Build.0 = Debug|Any CPU
		{972AF18D-899E-4D8E-880D-C88D526CB5F9}.Release|Any CPU.ActiveCfg = Release|Any CPU
		{972AF18D-899E-4D8E-880D-C88D526CB5F9}.Release|Any CPU.Build.0 = Release|Any CPU
	EndGlobalSection
	GlobalSection(SolutionProperties) = preSolution
		HideSolutionNode = FALSE
	EndGlobalSection
	GlobalSection(ExtensibilityGlobals) = postSolution
		SolutionGuid = {09CA8F39-2980-4A67-99C9-FD6D459DB147}
	EndGlobalSection
EndGlobal
